
Microsoft Visual Studio Solution File, Format Version 12.00
# Visual Studio 15
VisualStudioVersion = 15.0.27703.2047
MinimumVisualStudioVersion = 10.0.40219.1
Project("{FAE04EC0-301F-11D3-BF4B-00C04F79EFBC}") = "IQS", "IQS\IQS.csproj", "{352B8571-B950-41E4-B292-10BA4284F8A8}"
EndProject
Global
	GlobalSection(SolutionConfigurationPlatforms) = preSolution
		Debug|Any CPU = Debug|Any CPU
		Release|Any CPU = Release|Any CPU
	EndGlobalSection
	GlobalSection(ProjectConfigurationPlatforms) = postSolution
		{352B8571-B950-41E4-B292-10BA4284F8A8}.Debug|Any CPU.ActiveCfg = Debug|Any CPU
		{352B8571-B950-41E4-B292-10BA4284F8A8}.Debug|Any CPU.Build.0 = Debug|Any CPU
		{352B8571-B950-41E4-B292-10BA4284F8A8}.Release|Any CPU.ActiveCfg = Release|Any CPU
		{352B8571-B950-41E4-B292-10BA4284F8A8}.Release|Any CPU.Build.0 = Release|Any CPU
	EndGlobalSection
	GlobalSection(SolutionProperties) = preSolution
		HideSolutionNode = FALSE
	EndGlobalSection
	GlobalSection(ExtensibilityGlobals) = postSolution
		SolutionGuid = {FE970636-130E-4C0C-8160-996612962E7C}
	EndGlobalSection
EndGlobal
